
Microsoft Visual Studio Solution File, Format Version 12.00
# Visual Studio Version 17
VisualStudioVersion = 17.5.33530.505
MinimumVisualStudioVersion = 10.0.40219.1
Project("{9A19103F-16F7-4668-BE54-9A1E7A4F7556}") = "costs-api", "costs-api.csproj", "{7BCD6B09-9A0C-464F-A789-AA61FCDC5CDE}"
EndProject
Project("{FAE04EC0-301F-11D3-BF4B-00C04F79EFBC}") = "costs.Repository", "..\costs.Repository\costs.Repository.csproj", "{0A34DCF5-1553-4B0A-BD49-2F0582161967}"
EndProject
Project("{FAE04EC0-301F-11D3-BF4B-00C04F79EFBC}") = "costs.Domain", "..\costs.Domain\costs.Domain.csproj", "{22486692-B88B-4E77-B68F-3240D9285C30}"
EndProject
Global
	GlobalSection(SolutionConfigurationPlatforms) = preSolution
		Debug|Any CPU = Debug|Any CPU
		Release|Any CPU = Release|Any CPU
	EndGlobalSection
	GlobalSection(ProjectConfigurationPlatforms) = postSolution
		{7BCD6B09-9A0C-464F-A789-AA61FCDC5CDE}.Debug|Any CPU.ActiveCfg = Debug|Any CPU
		{7BCD6B09-9A0C-464F-A789-AA61FCDC5CDE}.Debug|Any CPU.Build.0 = Debug|Any CPU
		{7BCD6B09-9A0C-464F-A789-AA61FCDC5CDE}.Release|Any CPU.ActiveCfg = Release|Any CPU
		{7BCD6B09-9A0C-464F-A789-AA61FCDC5CDE}.Release|Any CPU.Build.0 = Release|Any CPU
		{0A34DCF5-1553-4B0A-BD49-2F0582161967}.Debug|Any CPU.ActiveCfg = Debug|Any CPU
		{0A34DCF5-1553-4B0A-BD49-2F0582161967}.Debug|Any CPU.Build.0 = Debug|Any CPU
		{0A34DCF5-1553-4B0A-BD49-2F0582161967}.Release|Any CPU.ActiveCfg = Release|Any CPU
		{0A34DCF5-1553-4B0A-BD49-2F0582161967}.Release|Any CPU.Build.0 = Release|Any CPU
		{22486692-B88B-4E77-B68F-3240D9285C30}.Debug|Any CPU.ActiveCfg = Debug|Any CPU
		{22486692-B88B-4E77-B68F-3240D9285C30}.Debug|Any CPU.Build.0 = Debug|Any CPU
		{22486692-B88B-4E77-B68F-3240D9285C30}.Release|Any CPU.ActiveCfg = Release|Any CPU
		{22486692-B88B-4E77-B68F-3240D9285C30}.Release|Any CPU.Build.0 = Release|Any CPU
	EndGlobalSection
	GlobalSection(SolutionProperties) = preSolution
		HideSolutionNode = FALSE
	EndGlobalSection
	GlobalSection(ExtensibilityGlobals) = postSolution
		SolutionGuid = {C6ABFE40-CE54-4BE6-8B04-0294011A9FFD}
	EndGlobalSection
EndGlobal
